
Microsoft Visual Studio Solution File, Format Version 12.00
Project("{FAE04EC0-301F-11D3-BF4B-00C04F79EFBC}") = "FishWatch.Models", "FishWatch.Models\FishWatch.Models.csproj", "{06B61A7B-1C95-42AD-B05F-B0808E85EB90}"
EndProject
Project("{FAE04EC0-301F-11D3-BF4B-00C04F79EFBC}") = "FishWatch.Web", "FishWatch.Web\FishWatch.Web.csproj", "{26CD2278-1DE2-4006-9A33-74255B2A9417}"
EndProject
Global
	GlobalSection(SolutionConfigurationPlatforms) = preSolution
		Debug|Any CPU = Debug|Any CPU
		Release|Any CPU = Release|Any CPU
	EndGlobalSection
	GlobalSection(ProjectConfigurationPlatforms) = postSolution
		{06B61A7B-1C95-42AD-B05F-B0808E85EB90}.Debug|Any CPU.ActiveCfg = Debug|Any CPU
		{06B61A7B-1C95-42AD-B05F-B0808E85EB90}.Debug|Any CPU.Build.0 = Debug|Any CPU
		{06B61A7B-1C95-42AD-B05F-B0808E85EB90}.Release|Any CPU.ActiveCfg = Release|Any CPU
		{06B61A7B-1C95-42AD-B05F-B0808E85EB90}.Release|Any CPU.Build.0 = Release|Any CPU
		{26CD2278-1DE2-4006-9A33-74255B2A9417}.Debug|Any CPU.ActiveCfg = Debug|Any CPU
		{26CD2278-1DE2-4006-9A33-74255B2A9417}.Debug|Any CPU.Build.0 = Debug|Any CPU
		{26CD2278-1DE2-4006-9A33-74255B2A9417}.Release|Any CPU.ActiveCfg = Release|Any CPU
		{26CD2278-1DE2-4006-9A33-74255B2A9417}.Release|Any CPU.Build.0 = Release|Any CPU
	EndGlobalSection
EndGlobal
